
Microsoft Visual Studio Solution File, Format Version 12.00
# Visual Studio Version 16
VisualStudioVersion = 16.0.31515.178
MinimumVisualStudioVersion = 10.0.40219.1
Project("{FAE04EC0-301F-11D3-BF4B-00C04F79EFBC}") = "task_9", "task_9\task_9.csproj", "{EBA35C64-BB35-460C-A88B-E7C11C28FDCD}"
EndProject
Global
	GlobalSection(SolutionConfigurationPlatforms) = preSolution
		Debug|Any CPU = Debug|Any CPU
		Release|Any CPU = Release|Any CPU
	EndGlobalSection
	GlobalSection(ProjectConfigurationPlatforms) = postSolution
		{EBA35C64-BB35-460C-A88B-E7C11C28FDCD}.Debug|Any CPU.ActiveCfg = Debug|Any CPU
		{EBA35C64-BB35-460C-A88B-E7C11C28FDCD}.Debug|Any CPU.Build.0 = Debug|Any CPU
		{EBA35C64-BB35-460C-A88B-E7C11C28FDCD}.Release|Any CPU.ActiveCfg = Release|Any CPU
		{EBA35C64-BB35-460C-A88B-E7C11C28FDCD}.Release|Any CPU.Build.0 = Release|Any CPU
	EndGlobalSection
	GlobalSection(SolutionProperties) = preSolution
		HideSolutionNode = FALSE
	EndGlobalSection
	GlobalSection(ExtensibilityGlobals) = postSolution
		SolutionGuid = {A4EA10BA-AF0A-41B3-AC75-756E2262962B}
	EndGlobalSection
EndGlobal
