
Microsoft Visual Studio Solution File, Format Version 12.00
# Visual Studio Version 16
VisualStudioVersion = 16.0.31515.178
MinimumVisualStudioVersion = 10.0.40219.1
Project("{FAE04EC0-301F-11D3-BF4B-00C04F79EFBC}") = "Task_4", "Task_4\Task_4.csproj", "{B2DB1301-9991-4118-A8F7-1C5A53E38463}"
EndProject
Project("{FAE04EC0-301F-11D3-BF4B-00C04F79EFBC}") = "Task_4.Test", "Task_4.Test\Task_4.Test.csproj", "{6E296811-9F85-4F42-9FF9-D102BA322437}"
EndProject
Global
	GlobalSection(SolutionConfigurationPlatforms) = preSolution
		Debug|Any CPU = Debug|Any CPU
		Release|Any CPU = Release|Any CPU
	EndGlobalSection
	GlobalSection(ProjectConfigurationPlatforms) = postSolution
		{B2DB1301-9991-4118-A8F7-1C5A53E38463}.Debug|Any CPU.ActiveCfg = Debug|Any CPU
		{B2DB1301-9991-4118-A8F7-1C5A53E38463}.Debug|Any CPU.Build.0 = Debug|Any CPU
		{B2DB1301-9991-4118-A8F7-1C5A53E38463}.Release|Any CPU.ActiveCfg = Release|Any CPU
		{B2DB1301-9991-4118-A8F7-1C5A53E38463}.Release|Any CPU.Build.0 = Release|Any CPU
		{6E296811-9F85-4F42-9FF9-D102BA322437}.Debug|Any CPU.ActiveCfg = Debug|Any CPU
		{6E296811-9F85-4F42-9FF9-D102BA322437}.Debug|Any CPU.Build.0 = Debug|Any CPU
		{6E296811-9F85-4F42-9FF9-D102BA322437}.Release|Any CPU.ActiveCfg = Release|Any CPU
		{6E296811-9F85-4F42-9FF9-D102BA322437}.Release|Any CPU.Build.0 = Release|Any CPU
	EndGlobalSection
	GlobalSection(SolutionProperties) = preSolution
		HideSolutionNode = FALSE
	EndGlobalSection
	GlobalSection(ExtensibilityGlobals) = postSolution
		SolutionGuid = {97072270-DEA5-42B2-B46F-42A2A0CDF9E1}
	EndGlobalSection
EndGlobal
